
Microsoft Visual Studio Solution File, Format Version 12.00
# Visual Studio Version 17
VisualStudioVersion = 17.5.33516.290
MinimumVisualStudioVersion = 10.0.40219.1
Project("{9A19103F-16F7-4668-BE54-9A1E7A4F7556}") = "CursoCSharp", "CursoCSharp.csproj", "{C30A69C5-7CCE-4595-AE6C-B4654F68C732}"
EndProject
Project("{FAE04EC0-301F-11D3-BF4B-00C04F79EFBC}") = "Encapsulamento", "..\Encapsulamento\Encapsulamento.csproj", "{970CEB8F-ADE9-42DC-9808-F66E9544B3CB}"
EndProject
Global
	GlobalSection(SolutionConfigurationPlatforms) = preSolution
		Debug|Any CPU = Debug|Any CPU
		Release|Any CPU = Release|Any CPU
	EndGlobalSection
	GlobalSection(ProjectConfigurationPlatforms) = postSolution
		{C30A69C5-7CCE-4595-AE6C-B4654F68C732}.Debug|Any CPU.ActiveCfg = Debug|Any CPU
		{C30A69C5-7CCE-4595-AE6C-B4654F68C732}.Debug|Any CPU.Build.0 = Debug|Any CPU
		{C30A69C5-7CCE-4595-AE6C-B4654F68C732}.Release|Any CPU.ActiveCfg = Release|Any CPU
		{C30A69C5-7CCE-4595-AE6C-B4654F68C732}.Release|Any CPU.Build.0 = Release|Any CPU
		{970CEB8F-ADE9-42DC-9808-F66E9544B3CB}.Debug|Any CPU.ActiveCfg = Debug|Any CPU
		{970CEB8F-ADE9-42DC-9808-F66E9544B3CB}.Debug|Any CPU.Build.0 = Debug|Any CPU
		{970CEB8F-ADE9-42DC-9808-F66E9544B3CB}.Release|Any CPU.ActiveCfg = Release|Any CPU
		{970CEB8F-ADE9-42DC-9808-F66E9544B3CB}.Release|Any CPU.Build.0 = Release|Any CPU
	EndGlobalSection
	GlobalSection(SolutionProperties) = preSolution
		HideSolutionNode = FALSE
	EndGlobalSection
	GlobalSection(ExtensibilityGlobals) = postSolution
		SolutionGuid = {F1554738-7D35-4539-8BA0-6D22E3873C6E}
	EndGlobalSection
EndGlobal
